<?xml version="1.0" encoding="utf-8"?>
<Project ToolsVersion="4.0" xmlns="http://schemas.microsoft.com/developer/msbuild/2003">
  <ItemGroup>
    <Filter Include="Source Files">
      <UniqueIdentifier>{4FC737F1-C7A5-4376-A066-2A32D752A2FF}</UniqueIdentifier>
      <Extensions>cpp;c;cc;cxx;def;odl;idl;hpj;bat;asm;asmx</Extensions>
    </Filter>
    <Filter Include="Header Files">
      <UniqueIdentifier>{93995380-89BD-4b04-88EB-625FBE52EBFB}</UniqueIdentifier>
      <Extensions>h;hh;hpp;hxx;hm;inl;inc;ipp;xsd</Extensions>
    </Filter>
    <Filter Include="Resource Files">
      <UniqueIdentifier>{67DA6AB6-F800-4c08-8B7A-83BB121AAD01}</UniqueIdentifier>
      <Extensions>rc;ico;cur;bmp;dlg;rc2;rct;bin;rgs;gif;jpg;jpeg;jpe;resx;tiff;tif;png;wav;mfcribbon-ms</Extensions>
    </Filter>
    <Filter Include="Header Files\States">
      <UniqueIdentifier>{f5b64973-1209-4736-b1ca-8fa088f755c8}</UniqueIdentifier>
    </Filter>
    <Filter Include="Source Files\States">
      <UniqueIdentifier>{734bbf66-bdef-4e73-811e-1d6ed1dc5320}</UniqueIdentifier>
    </Filter>
    <Filter Include="Header Files\Context">
      <UniqueIdentifier>{fd78d272-69a0-401a-b810-2e1647cb67cf}</UniqueIdentifier>
    </Filter>
    <Filter Include="Source Files\Context">
      <UniqueIdentifier>{20bbedcb-98e5-4190-9ed6-e05db3dec6c5}</UniqueIdentifier>
    </Filter>
  </ItemGroup>
  <ItemGroup>
    <ClCompile Include="Assigment_3_StatePattern.cpp">
      <Filter>Source Files</Filter>
    </ClCompile>
    <ClCompile Include="Configuration.cpp">
      <Filter>Source Files\States</Filter>
    </ClCompile>
    <ClCompile Include="Failure.cpp">
      <Filter>Source Files\States</Filter>
    </ClCompile>
    <ClCompile Include="Initializing.cpp">
      <Filter>Source Files\States</Filter>
    </ClCompile>
    <ClCompile Include="Mode1.cpp">
      <Filter>Source Files\States</Filter>
    </ClCompile>
    <ClCompile Include="Mode2.cpp">
      <Filter>Source Files\States</Filter>
    </ClCompile>
    <ClCompile Include="Mode3.cpp">
      <Filter>Source Files\States</Filter>
    </ClCompile>
    <ClCompile Include="Operational.cpp">
      <Filter>Source Files\States</Filter>
    </ClCompile>
    <ClCompile Include="PowerOnSelfTest.cpp">
      <Filter>Source Files\States</Filter>
    </ClCompile>
    <ClCompile Include="Ready.cpp">
      <Filter>Source Files\States</Filter>
    </ClCompile>
    <ClCompile Include="Suspended.cpp">
      <Filter>Source Files\States</Filter>
    </ClCompile>
    <ClCompile Include="State.cpp">
      <Filter>Source Files\States</Filter>
    </ClCompile>
    <ClCompile Include="Context.cpp">
      <Filter>Source Files\Context</Filter>
    </ClCompile>
    <ClCompile Include="RealTimeLoop.cpp">
      <Filter>Source Files\States</Filter>
    </ClCompile>
  </ItemGroup>
  <ItemGroup>
    <ClInclude Include="Failure.h">
      <Filter>Header Files\States</Filter>
    </ClInclude>
    <ClInclude Include="PowerOnSelfTest.h">
      <Filter>Header Files\States</Filter>
    </ClInclude>
    <ClInclude Include="Configuration.h">
      <Filter>Header Files\States</Filter>
    </ClInclude>
    <ClInclude Include="Initializing.h">
      <Filter>Header Files\States</Filter>
    </ClInclude>
    <ClInclude Include="Mode1.h">
      <Filter>Header Files\States</Filter>
    </ClInclude>
    <ClInclude Include="Mode2.h">
      <Filter>Header Files\States</Filter>
    </ClInclude>
    <ClInclude Include="Mode3.h">
      <Filter>Header Files\States</Filter>
    </ClInclude>
    <ClInclude Include="Operational.h">
      <Filter>Header Files\States</Filter>
    </ClInclude>
    <ClInclude Include="Ready.h">
      <Filter>Header Files\States</Filter>
    </ClInclude>
    <ClInclude Include="Suspended.h">
      <Filter>Header Files\States</Filter>
    </ClInclude>
    <ClInclude Include="RealTimeLoop.h">
      <Filter>Header Files\States</Filter>
    </ClInclude>
    <ClInclude Include="Context.h">
      <Filter>Header Files\Context</Filter>
    </ClInclude>
    <ClInclude Include="State.h">
      <Filter>Header Files\States</Filter>
    </ClInclude>
  </ItemGroup>
</Project>