
Microsoft Visual Studio Solution File, Format Version 12.00
# Visual Studio 15
VisualStudioVersion = 15.0.28307.1622
MinimumVisualStudioVersion = 10.0.40219.1
Project("{8BC9CEB8-8B4A-11D0-8D11-00A0C91BC942}") = "SystemC_IPCORE_Part7", "SystemC_IPCORE_Part7\SystemC_IPCORE_Part7.vcxproj", "{96556445-F0DF-4509-8F71-2509FE0CAED3}"
EndProject
Global
	GlobalSection(SolutionConfigurationPlatforms) = preSolution
		Debug|x64 = Debug|x64
		Debug|x86 = Debug|x86
		Release|x64 = Release|x64
		Release|x86 = Release|x86
	EndGlobalSection
	GlobalSection(ProjectConfigurationPlatforms) = postSolution
		{96556445-F0DF-4509-8F71-2509FE0CAED3}.Debug|x64.ActiveCfg = Debug|x64
		{96556445-F0DF-4509-8F71-2509FE0CAED3}.Debug|x64.Build.0 = Debug|x64
		{96556445-F0DF-4509-8F71-2509FE0CAED3}.Debug|x86.ActiveCfg = Debug|Win32
		{96556445-F0DF-4509-8F71-2509FE0CAED3}.Debug|x86.Build.0 = Debug|Win32
		{96556445-F0DF-4509-8F71-2509FE0CAED3}.Release|x64.ActiveCfg = Release|x64
		{96556445-F0DF-4509-8F71-2509FE0CAED3}.Release|x64.Build.0 = Release|x64
		{96556445-F0DF-4509-8F71-2509FE0CAED3}.Release|x86.ActiveCfg = Release|Win32
		{96556445-F0DF-4509-8F71-2509FE0CAED3}.Release|x86.Build.0 = Release|Win32
	EndGlobalSection
	GlobalSection(SolutionProperties) = preSolution
		HideSolutionNode = FALSE
	EndGlobalSection
	GlobalSection(ExtensibilityGlobals) = postSolution
		SolutionGuid = {234819A3-36B1-48A5-A630-3B4F26E97085}
	EndGlobalSection
EndGlobal
